
Microsoft Visual Studio Solution File, Format Version 12.00
# Visual Studio Version 17
VisualStudioVersion = 17.9.34728.123
MinimumVisualStudioVersion = 10.0.40219.1
Project("{FAE04EC0-301F-11D3-BF4B-00C04F79EFBC}") = "EntainAssignment", "EntainAssignment\EntainAssignment.csproj", "{6F6142D0-76A2-4647-A8F7-B2FCF5D11FD6}"
EndProject
Global
	GlobalSection(SolutionConfigurationPlatforms) = preSolution
		Debug|Any CPU = Debug|Any CPU
		Release|Any CPU = Release|Any CPU
	EndGlobalSection
	GlobalSection(ProjectConfigurationPlatforms) = postSolution
		{6F6142D0-76A2-4647-A8F7-B2FCF5D11FD6}.Debug|Any CPU.ActiveCfg = Debug|Any CPU
		{6F6142D0-76A2-4647-A8F7-B2FCF5D11FD6}.Debug|Any CPU.Build.0 = Debug|Any CPU
		{6F6142D0-76A2-4647-A8F7-B2FCF5D11FD6}.Release|Any CPU.ActiveCfg = Release|Any CPU
		{6F6142D0-76A2-4647-A8F7-B2FCF5D11FD6}.Release|Any CPU.Build.0 = Release|Any CPU
	EndGlobalSection
	GlobalSection(SolutionProperties) = preSolution
		HideSolutionNode = FALSE
	EndGlobalSection
	GlobalSection(ExtensibilityGlobals) = postSolution
		SolutionGuid = {2D02E46A-D693-47D6-BB3C-2DDC2C8F599D}
	EndGlobalSection
EndGlobal
